// !$*UTF8*$!
{
	archiveVersion = 1;
	classes = {
	};
	objectVersion = 55;
	objects = {

/* Begin PBXBuildFile section */
		BDC9391F28703FB9001F00D7 /* AppDelegate.swift in Sources */ = {isa = PBXBuildFile; fileRef = BDC9391E28703FB9001F00D7 /* AppDelegate.swift */; };
		BDC9392128703FB9001F00D7 /* SceneDelegate.swift in Sources */ = {isa = PBXBuildFile; fileRef = BDC9392028703FB9001F00D7 /* SceneDelegate.swift */; };
		BDC9392328703FB9001F00D7 /* ViewController.swift in Sources */ = {isa = PBXBuildFile; fileRef = BDC9392228703FB9001F00D7 /* ViewController.swift */; };
		BDC9392628703FB9001F00D7 /* Main.storyboard in Resources */ = {isa = PBXBuildFile; fileRef = BDC9392428703FB9001F00D7 /* Main.storyboard */; };
		BDC9392828703FBA001F00D7 /* Assets.xcassets in Resources */ = {isa = PBXBuildFile; fileRef = BDC9392728703FBA001F00D7 /* Assets.xcassets */; };
		BDC9392B28703FBA001F00D7 /* LaunchScreen.storyboard in Resources */ = {isa = PBXBuildFile; fileRef = BDC9392928703FBA001F00D7 /* LaunchScreen.storyboard */; };
		BDC9393328704170001F00D7 /* RedView.swift in Sources */ = {isa = PBXBuildFile; fileRef = BDC9393228704170001F00D7 /* RedView.swift */; };
/* End PBXBuildFile section */

/* Begin PBXFileReference section */
		BDC9391B28703FB9001F00D7 /* LayoutSubviews_LayoutIfNeeded.app */ = {isa = PBXFileReference; explicitFileType = wrapper.application; includeInIndex = 0; path = LayoutSubviews_LayoutIfNeeded.app; sourceTree = BUILT_PRODUCTS_DIR; };
		BDC9391E28703FB9001F00D7 /* AppDelegate.swift */ = {isa = PBXFileReference; lastKnownFileType = sourcecode.swift; path = AppDelegate.swift; sourceTree = "<group>"; };
		BDC9392028703FB9001F00D7 /* SceneDelegate.swift */ = {isa = PBXFileReference; lastKnownFileType = sourcecode.swift; path = SceneDelegate.swift; sourceTree = "<group>"; };
		BDC9392228703FB9001F00D7 /* ViewController.swift */ = {isa = PBXFileReference; lastKnownFileType = sourcecode.swift; path = ViewController.swift; sourceTree = "<group>"; };
		BDC9392528703FB9001F00D7 /* Base */ = {isa = PBXFileReference; lastKnownFileType = file.storyboard; name = Base; path = Base.lproj/Main.storyboard; sourceTree = "<group>"; };
		BDC9392728703FBA001F00D7 /* Assets.xcassets */ = {isa = PBXFileReference; lastKnownFileType = folder.assetcatalog; path = Assets.xcassets; sourceTree = "<group>"; };
		BDC9392A28703FBA001F00D7 /* Base */ = {isa = PBXFileReference; lastKnownFileType = file.storyboard; name = Base; path = Base.lproj/LaunchScreen.storyboard; sourceTree = "<group>"; };
		BDC9392C28703FBA001F00D7 /* Info.plist */ = {isa = PBXFileReference; lastKnownFileType = text.plist.xml; path = Info.plist; sourceTree = "<group>"; };
		BDC9393228704170001F00D7 /* RedView.swift */ = {isa = PBXFileReference; lastKnownFileType = sourcecode.swift; path = RedView.swift; sourceTree = "<group>"; };
/* End PBXFileReference section */

/* Begin PBXFrameworksBuildPhase section */
		BDC9391828703FB9001F00D7 /* Frameworks */ = {
			isa = PBXFrameworksBuildPhase;
			buildActionMask = 2147483647;
			files = (
			);
			runOnlyForDeploymentPostprocessing = 0;
		};
/* End PBXFrameworksBuildPhase section */

/* Begin PBXGroup section */
		BDC9391228703FB8001F00D7 = {
			isa = PBXGroup;
			children = (
				BDC9391D28703FB9001F00D7 /* LayoutSubviews_LayoutIfNeeded */,
				BDC9391C28703FB9001F00D7 /* Products */,
			);
			sourceTree = "<group>";
		};
		BDC9391C28703FB9001F00D7 /* Products */ = {
			isa = PBXGroup;
			children = (
				BDC9391B28703FB9001F00D7 /* LayoutSubviews_LayoutIfNeeded.app */,
			);
			name = Products;
			sourceTree = "<group>";
		};
		BDC9391D28703FB9001F00D7 /* LayoutSubviews_LayoutIfNeeded */ = {
			isa = PBXGroup;
			children = (
				BDC9391E28703FB9001F00D7 /* AppDelegate.swift */,
				BDC9392028703FB9001F00D7 /* SceneDelegate.swift */,
				BDC9392228703FB9001F00D7 /* ViewController.swift */,
				BDC9393228704170001F00D7 /* RedView.swift */,
				BDC9392428703FB9001F00D7 /* Main.storyboard */,
				BDC9392728703FBA001F00D7 /* Assets.xcassets */,
				BDC9392928703FBA001F00D7 /* LaunchScreen.storyboard */,
				BDC9392C28703FBA001F00D7 /* Info.plist */,
			);
			path = LayoutSubviews_LayoutIfNeeded;
			sourceTree = "<group>";
		};
/* End PBXGroup section */

/* Begin PBXNativeTarget section */
		BDC9391A28703FB9001F00D7 /* LayoutSubviews_LayoutIfNeeded */ = {
			isa = PBXNativeTarget;
			buildConfigurationList = BDC9392F28703FBA001F00D7 /* Build configuration list for PBXNativeTarget "LayoutSubviews_LayoutIfNeeded" */;
			buildPhases = (
				BDC9391728703FB9001F00D7 /* Sources */,
				BDC9391828703FB9001F00D7 /* Frameworks */,
				BDC9391928703FB9001F00D7 /* Resources */,
			);
			buildRules = (
			);
			dependencies = (
			);
			name = LayoutSubviews_LayoutIfNeeded;
			productName = LayoutSubviews_LayoutIfNeeded;
			productReference = BDC9391B28703FB9001F00D7 /* LayoutSubviews_LayoutIfNeeded.app */;
			productType = "com.apple.product-type.application";
		};
/* End PBXNativeTarget section */

/* Begin PBXProject section */
		BDC9391328703FB8001F00D7 /* Project object */ = {
			isa = PBXProject;
			attributes = {
				BuildIndependentTargetsInParallel = 1;
				LastSwiftUpdateCheck = 1320;
				LastUpgradeCheck = 1320;
				TargetAttributes = {
					BDC9391A28703FB9001F00D7 = {
						CreatedOnToolsVersion = 13.2.1;
					};
				};
			};
			buildConfigurationList = BDC9391628703FB8001F00D7 /* Build configuration list for PBXProject "LayoutSubviews_LayoutIfNeeded" */;
			compatibilityVersion = "Xcode 13.0";
			developmentRegion = en;
			hasScannedForEncodings = 0;
			knownRegions = (
				en,
				Base,
			);
			mainGroup = BDC9391228703FB8001F00D7;
			productRefGroup = BDC9391C28703FB9001F00D7 /* Products */;
			projectDirPath = "";
			projectRoot = "";
			targets = (
				BDC9391A28703FB9001F00D7 /* LayoutSubviews_LayoutIfNeeded */,
			);
		};
/* End PBXProject section */

/* Begin PBXResourcesBuildPhase section */
		BDC9391928703FB9001F00D7 /* Resources */ = {
			isa = PBXResourcesBuildPhase;
			buildActionMask = 2147483647;
			files = (
				BDC9392B28703FBA001F00D7 /* LaunchScreen.storyboard in Resources */,
				BDC9392828703FBA001F00D7 /* Assets.xcassets in Resources */,
				BDC9392628703FB9001F00D7 /* Main.storyboard in Resources */,
			);
			runOnlyForDeploymentPostprocessing = 0;
		};
/* End PBXResourcesBuildPhase section */

/* Begin PBXSourcesBuildPhase section */
		BDC9391728703FB9001F00D7 /* Sources */ = {
			isa = PBXSourcesBuildPhase;
			buildActionMask = 2147483647;
			files = (
				BDC9392328703FB9001F00D7 /* ViewController.swift in Sources */,
				BDC9391F28703FB9001F00D7 /* AppDelegate.swift in Sources */,
				BDC9393328704170001F00D7 /* RedView.swift in Sources */,
				BDC9392128703FB9001F00D7 /* SceneDelegate.swift in Sources */,
			);
			runOnlyForDeploymentPostprocessing = 0;
		};
/* End PBXSourcesBuildPhase section */

/* Begin PBXVariantGroup section */
		BDC9392428703FB9001F00D7 /* Main.storyboard */ = {
			isa = PBXVariantGroup;
			children = (
				BDC9392528703FB9001F00D7 /* Base */,
			);
			name = Main.storyboard;
			sourceTree = "<group>";
		};
		BDC9392928703FBA001F00D7 /* LaunchScreen.storyboard */ = {
			isa = PBXVariantGroup;
			children = (
				BDC9392A28703FBA001F00D7 /* Base */,
			);
			name = LaunchScreen.storyboard;
			sourceTree = "<group>";
		};
/* End PBXVariantGroup section */

/* Begin XCBuildConfiguration section */
		BDC9392D28703FBA001F00D7 /* Debug */ = {
			isa = XCBuildConfiguration;
			buildSettings = {
				ALWAYS_SEARCH_USER_PATHS = NO;
				CLANG_ANALYZER_NONNULL = YES;
				CLANG_ANALYZER_NUMBER_OBJECT_CONVERSION = YES_AGGRESSIVE;
				CLANG_CXX_LANGUAGE_STANDARD = "gnu++17";
				CLANG_CXX_LIBRARY = "libc++";
				CLANG_ENABLE_MODULES = YES;
				CLANG_ENABLE_OBJC_ARC = YES;
				CLANG_ENABLE_OBJC_WEAK = YES;
				CLANG_WARN_BLOCK_CAPTURE_AUTORELEASING = YES;
				CLANG_WARN_BOOL_CONVERSION = YES;
				CLANG_WARN_COMMA = YES;
				CLANG_WARN_CONSTANT_CONVERSION = YES;
				CLANG_WARN_DEPRECATED_OBJC_IMPLEMENTATIONS = YES;
				CLANG_WARN_DIRECT_OBJC_ISA_USAGE = YES_ERROR;
				CLANG_WARN_DOCUMENTATION_COMMENTS = YES;
				CLANG_WARN_EMPTY_BODY = YES;
				CLANG_WARN_ENUM_CONVERSION = YES;
				CLANG_WARN_INFINITE_RECURSION = YES;
				CLANG_WARN_INT_CONVERSION = YES;
				CLANG_WARN_NON_LITERAL_NULL_CONVERSION = YES;
				CLANG_WARN_OBJC_IMPLICIT_RETAIN_SELF = YES;
				CLANG_WARN_OBJC_LITERAL_CONVERSION = YES;
				CLANG_WARN_OBJC_ROOT_CLASS = YES_ERROR;
				CLANG_WARN_QUOTED_INCLUDE_IN_FRAMEWORK_HEADER = YES;
				CLANG_WARN_RANGE_LOOP_ANALYSIS = YES;
				CLANG_WARN_STRICT_PROTOTYPES = YES;
				CLANG_WARN_SUSPICIOUS_MOVE = YES;
				CLANG_WARN_UNGUARDED_AVAILABILITY = YES_AGGRESSIVE;
				CLANG_WARN_UNREACHABLE_CODE = YES;
				CLANG_WARN__DUPLICATE_METHOD_MATCH = YES;
				COPY_PHASE_STRIP = NO;
				DEBUG_INFORMATION_FORMAT = dwarf;
				ENABLE_STRICT_OBJC_MSGSEND = YES;
				ENABLE_TESTABILITY = YES;
				GCC_C_LANGUAGE_STANDARD = gnu11;
				GCC_DYNAMIC_NO_PIC = NO;
				GCC_NO_COMMON_BLOCKS = YES;
				GCC_OPTIMIZATION_LEVEL = 0;
				GCC_PREPROCESSOR_DEFINITIONS = (
					"DEBUG=1",
					"$(inherited)",
				);
				GCC_WARN_64_TO_32_BIT_CONVERSION = YES;
				GCC_WARN_ABOUT_RETURN_TYPE = YES_ERROR;
				GCC_WARN_UNDECLARED_SELECTOR = YES;
				GCC_WARN_UNINITIALIZED_AUTOS = YES_AGGRESSIVE;
				GCC_WARN_UNUSED_FUNCTION = YES;
				GCC_WARN_UNUSED_VARIABLE = YES;
				IPHONEOS_DEPLOYMENT_TARGET = 15.2;
				MTL_ENABLE_DEBUG_INFO = INCLUDE_SOURCE;
				MTL_FAST_MATH = YES;
				ONLY_ACTIVE_ARCH = YES;
				SDKROOT = iphoneos;
				SWIFT_ACTIVE_COMPILATION_CONDITIONS = DEBUG;
				SWIFT_OPTIMIZATION_LEVEL = "-Onone";
			};
			name = Debug;
		};
		BDC9392E28703FBA001F00D7 /* Release */ = {
			isa = XCBuildConfiguration;
			buildSettings = {
				ALWAYS_SEARCH_USER_PATHS = NO;
				CLANG_ANALYZER_NONNULL = YES;
				CLANG_ANALYZER_NUMBER_OBJECT_CONVERSION = YES_AGGRESSIVE;
				CLANG_CXX_LANGUAGE_STANDARD = "gnu++17";
				CLANG_CXX_LIBRARY = "libc++";
				CLANG_ENABLE_MODULES = YES;
				CLANG_ENABLE_OBJC_ARC = YES;
				CLANG_ENABLE_OBJC_WEAK = YES;
				CLANG_WARN_BLOCK_CAPTURE_AUTORELEASING = YES;
				CLANG_WARN_BOOL_CONVERSION = YES;
				CLANG_WARN_COMMA = YES;
				CLANG_WARN_CONSTANT_CONVERSION = YES;
				CLANG_WARN_DEPRECATED_OBJC_IMPLEMENTATIONS = YES;
				CLANG_WARN_DIRECT_OBJC_ISA_USAGE = YES_ERROR;
				CLANG_WARN_DOCUMENTATION_COMMENTS = YES;
				CLANG_WARN_EMPTY_BODY = YES;
				CLANG_WARN_ENUM_CONVERSION = YES;
				CLANG_WARN_INFINITE_RECURSION = YES;
				CLANG_WARN_INT_CONVERSION = YES;
				CLANG_WARN_NON_LITERAL_NULL_CONVERSION = YES;
				CLANG_WARN_OBJC_IMPLICIT_RETAIN_SELF = YES;
				CLANG_WARN_OBJC_LITERAL_CONVERSION = YES;
				CLANG_WARN_OBJC_ROOT_CLASS = YES_ERROR;
				CLANG_WARN_QUOTED_INCLUDE_IN_FRAMEWORK_HEADER = YES;
				CLANG_WARN_RANGE_LOOP_ANALYSIS = YES;
				CLANG_WARN_STRICT_PROTOTYPES = YES;
				CLANG_WARN_SUSPICIOUS_MOVE = YES;
				CLANG_WARN_UNGUARDED_AVAILABILITY = YES_AGGRESSIVE;
				CLANG_WARN_UNREACHABLE_CODE = YES;
				CLANG_WARN__DUPLICATE_METHOD_MATCH = YES;
				COPY_PHASE_STRIP = NO;
				DEBUG_INFORMATION_FORMAT = "dwarf-with-dsym";
				ENABLE_NS_ASSERTIONS = NO;
				ENABLE_STRICT_OBJC_MSGSEND = YES;
				GCC_C_LANGUAGE_STANDARD = gnu11;
				GCC_NO_COMMON_BLOCKS = YES;
				GCC_WARN_64_TO_32_BIT_CONVERSION = YES;
				GCC_WARN_ABOUT_RETURN_TYPE = YES_ERROR;
				GCC_WARN_UNDECLARED_SELECTOR = YES;
				GCC_WARN_UNINITIALIZED_AUTOS = YES_AGGRESSIVE;
				GCC_WARN_UNUSED_FUNCTION = YES;
				GCC_WARN_UNUSED_VARIABLE = YES;
				IPHONEOS_DEPLOYMENT_TARGET = 15.2;
				MTL_ENABLE_DEBUG_INFO = NO;
				MTL_FAST_MATH = YES;
				SDKROOT = iphoneos;
				SWIFT_COMPILATION_MODE = wholemodule;
				SWIFT_OPTIMIZATION_LEVEL = "-O";
				VALIDATE_PRODUCT = YES;
			};
			name = Release;
		};
		BDC9393028703FBA001F00D7 /* Debug */ = {
			isa = XCBuildConfiguration;
			buildSettings = {
				ASSETCATALOG_COMPILER_APPICON_NAME = AppIcon;
				ASSETCATALOG_COMPILER_GLOBAL_ACCENT_COLOR_NAME = AccentColor;
				CODE_SIGN_STYLE = Automatic;
				CURRENT_PROJECT_VERSION = 1;
				DEVELOPMENT_TEAM = P745L5C6BY;
				GENERATE_INFOPLIST_FILE = YES;
				INFOPLIST_FILE = LayoutSubviews_LayoutIfNeeded/Info.plist;
				INFOPLIST_KEY_UIApplicationSupportsIndirectInputEvents = YES;
				INFOPLIST_KEY_UILaunchStoryboardName = LaunchScreen;
				INFOPLIST_KEY_UIMainStoryboardFile = Main;
				INFOPLIST_KEY_UISupportedInterfaceOrientations_iPad = "UIInterfaceOrientationPortrait UIInterfaceOrientationPortraitUpsideDown UIInterfaceOrientationLandscapeLeft UIInterfaceOrientationLandscapeRight";
				INFOPLIST_KEY_UISupportedInterfaceOrientations_iPhone = "UIInterfaceOrientationPortrait UIInterfaceOrientationLandscapeLeft UIInterfaceOrientationLandscapeRight";
				LD_RUNPATH_SEARCH_PATHS = (
					"$(inherited)",
					"@executable_path/Frameworks",
				);
				MARKETING_VERSION = 1.0;
				PRODUCT_BUNDLE_IDENTIFIER = "Kvashnin.LayoutSubviews-LayoutIfNeeded";
				PRODUCT_NAME = "$(TARGET_NAME)";
				SWIFT_EMIT_LOC_STRINGS = YES;
				SWIFT_VERSION = 5.0;
				TARGETED_DEVICE_FAMILY = "1,2";
			};
			name = Debug;
		};
		BDC9393128703FBA001F00D7 /* Release */ = {
			isa = XCBuildConfiguration;
			buildSettings = {
				ASSETCATALOG_COMPILER_APPICON_NAME = AppIcon;
				ASSETCATALOG_COMPILER_GLOBAL_ACCENT_COLOR_NAME = AccentColor;
				CODE_SIGN_STYLE = Automatic;
				CURRENT_PROJECT_VERSION = 1;
				DEVELOPMENT_TEAM = P745L5C6BY;
				GENERATE_INFOPLIST_FILE = YES;
				INFOPLIST_FILE = LayoutSubviews_LayoutIfNeeded/Info.plist;
				INFOPLIST_KEY_UIApplicationSupportsIndirectInputEvents = YES;
				INFOPLIST_KEY_UILaunchStoryboardName = LaunchScreen;
				INFOPLIST_KEY_UIMainStoryboardFile = Main;
				INFOPLIST_KEY_UISupportedInterfaceOrientations_iPad = "UIInterfaceOrientationPortrait UIInterfaceOrientationPortraitUpsideDown UIInterfaceOrientationLandscapeLeft UIInterfaceOrientationLandscapeRight";
				INFOPLIST_KEY_UISupportedInterfaceOrientations_iPhone = "UIInterfaceOrientationPortrait UIInterfaceOrientationLandscapeLeft UIInterfaceOrientationLandscapeRight";
				LD_RUNPATH_SEARCH_PATHS = (
					"$(inherited)",
					"@executable_path/Frameworks",
				);
				MARKETING_VERSION = 1.0;
				PRODUCT_BUNDLE_IDENTIFIER = "Kvashnin.LayoutSubviews-LayoutIfNeeded";
				PRODUCT_NAME = "$(TARGET_NAME)";
				SWIFT_EMIT_LOC_STRINGS = YES;
				SWIFT_VERSION = 5.0;
				TARGETED_DEVICE_FAMILY = "1,2";
			};
			name = Release;
		};
/* End XCBuildConfiguration section */

/* Begin XCConfigurationList section */
		BDC9391628703FB8001F00D7 /* Build configuration list for PBXProject "LayoutSubviews_LayoutIfNeeded" */ = {
			isa = XCConfigurationList;
			buildConfigurations = (
				BDC9392D28703FBA001F00D7 /* Debug */,
				BDC9392E28703FBA001F00D7 /* Release */,
			);
			defaultConfigurationIsVisible = 0;
			defaultConfigurationName = Release;
		};
		BDC9392F28703FBA001F00D7 /* Build configuration list for PBXNativeTarget "LayoutSubviews_LayoutIfNeeded" */ = {
			isa = XCConfigurationList;
			buildConfigurations = (
				BDC9393028703FBA001F00D7 /* Debug */,
				BDC9393128703FBA001F00D7 /* Release */,
			);
			defaultConfigurationIsVisible = 0;
			defaultConfigurationName = Release;
		};
/* End XCConfigurationList section */
	};
	rootObject = BDC9391328703FB8001F00D7 /* Project object */;
}
